// !$*UTF8*$!
{
	archiveVersion = 1;
	classes = {
	};
	objectVersion = 56;
	objects = {

/* Begin PBXBuildFile section */
		129DF20B2C50C54700F0ED34 /* ViewModelType.swift in Sources */ = {isa = PBXBuildFile; fileRef = 129DF20A2C50C54700F0ED34 /* ViewModelType.swift */; };
		129DF20E2C50C56100F0ED34 /* RepositoryType.swift in Sources */ = {isa = PBXBuildFile; fileRef = 129DF20D2C50C56100F0ED34 /* RepositoryType.swift */; };
		129DF2102C50C68400F0ED34 /* ViewModelStatus.swift in Sources */ = {isa = PBXBuildFile; fileRef = 129DF20F2C50C68400F0ED34 /* ViewModelStatus.swift */; };
		129DF2132C50CE0400F0ED34 /* BaseCoordinator.swift in Sources */ = {isa = PBXBuildFile; fileRef = 129DF2122C50CE0400F0ED34 /* BaseCoordinator.swift */; };
		129DF2252C54FFAB00F0ED34 /* AppCoordinator.swift in Sources */ = {isa = PBXBuildFile; fileRef = 129DF2242C54FFAB00F0ED34 /* AppCoordinator.swift */; };
		129DF2272C54FFC100F0ED34 /* ReactiveCoordinator.swift in Sources */ = {isa = PBXBuildFile; fileRef = 129DF2262C54FFC100F0ED34 /* ReactiveCoordinator.swift */; };
		129DF2292C54FFD900F0ED34 /* CoordinatorForwardable.swift in Sources */ = {isa = PBXBuildFile; fileRef = 129DF2282C54FFD900F0ED34 /* CoordinatorForwardable.swift */; };
		129DF22B2C55008400F0ED34 /* CoordinatorTransitionType.swift in Sources */ = {isa = PBXBuildFile; fileRef = 129DF22A2C55008400F0ED34 /* CoordinatorTransitionType.swift */; };
		129DF22D2C5502B800F0ED34 /* CoordinatorTransitable.swift in Sources */ = {isa = PBXBuildFile; fileRef = 129DF22C2C5502B800F0ED34 /* CoordinatorTransitable.swift */; };
		129DF2332C5510BB00F0ED34 /* SplashCoordinator.swift in Sources */ = {isa = PBXBuildFile; fileRef = 129DF2322C5510BB00F0ED34 /* SplashCoordinator.swift */; };
		129DF2372C55115A00F0ED34 /* SplashViewController.swift in Sources */ = {isa = PBXBuildFile; fileRef = 129DF2362C55115A00F0ED34 /* SplashViewController.swift */; };
		129DF23A2C55118700F0ED34 /* SplashViewModel.swift in Sources */ = {isa = PBXBuildFile; fileRef = 129DF2392C55118700F0ED34 /* SplashViewModel.swift */; };
		129DF23D2C5511DF00F0ED34 /* AuthRepository.swift in Sources */ = {isa = PBXBuildFile; fileRef = 129DF23C2C5511DF00F0ED34 /* AuthRepository.swift */; };
		129DF2402C5512C100F0ED34 /* AuthUsecase.swift in Sources */ = {isa = PBXBuildFile; fileRef = 129DF23F2C5512C100F0ED34 /* AuthUsecase.swift */; };
		129DF2422C55176000F0ED34 /* ViewModelCoordinatable.swift in Sources */ = {isa = PBXBuildFile; fileRef = 129DF2412C55176000F0ED34 /* ViewModelCoordinatable.swift */; };
		129DF2442C5518A100F0ED34 /* InputOutputAttachable.swift in Sources */ = {isa = PBXBuildFile; fileRef = 129DF2432C5518A100F0ED34 /* InputOutputAttachable.swift */; };
		129DF2492C551D7000F0ED34 /* ViewModelBindable.swift in Sources */ = {isa = PBXBuildFile; fileRef = 129DF2482C551D7000F0ED34 /* ViewModelBindable.swift */; };
		129DF24C2C5613B500F0ED34 /* MatchingHomeCoordinator.swift in Sources */ = {isa = PBXBuildFile; fileRef = 129DF24B2C5613B500F0ED34 /* MatchingHomeCoordinator.swift */; };
		129DF24E2C5613DA00F0ED34 /* MatchingHomeViewModel.swift in Sources */ = {isa = PBXBuildFile; fileRef = 129DF24D2C5613DA00F0ED34 /* MatchingHomeViewModel.swift */; };
		129DF2582C57695C00F0ED34 /* UILabel+Extensions.swift in Sources */ = {isa = PBXBuildFile; fileRef = 129DF2572C57695C00F0ED34 /* UILabel+Extensions.swift */; };
		129DF2602C58FBCD00F0ED34 /* MainTabBarController.swift in Sources */ = {isa = PBXBuildFile; fileRef = 129DF25F2C58FBCD00F0ED34 /* MainTabBarController.swift */; };
		129DF2632C5A709200F0ED34 /* MainTabBarCoordinator.swift in Sources */ = {isa = PBXBuildFile; fileRef = 129DF2622C5A709200F0ED34 /* MainTabBarCoordinator.swift */; };
		129DF2652C5A70B700F0ED34 /* MainTabBarViewModel.swift in Sources */ = {isa = PBXBuildFile; fileRef = 129DF2642C5A70B700F0ED34 /* MainTabBarViewModel.swift */; };
		129DF2692C5A73C900F0ED34 /* PawgleNavigationController.swift in Sources */ = {isa = PBXBuildFile; fileRef = 129DF2682C5A73C900F0ED34 /* PawgleNavigationController.swift */; };
		129DF26B2C5A773C00F0ED34 /* FavorViewController.swift in Sources */ = {isa = PBXBuildFile; fileRef = 129DF26A2C5A773C00F0ED34 /* FavorViewController.swift */; };
		129DF26D2C5A799C00F0ED34 /* FavorCoordinator.swift in Sources */ = {isa = PBXBuildFile; fileRef = 129DF26C2C5A799C00F0ED34 /* FavorCoordinator.swift */; };
		129DF26F2C5A806B00F0ED34 /* FavorViewModel.swift in Sources */ = {isa = PBXBuildFile; fileRef = 129DF26E2C5A806B00F0ED34 /* FavorViewModel.swift */; };
		1FDFAB0C95431EDF89416E89 /* Pods_PawgleiOS.framework in Frameworks */ = {isa = PBXBuildFile; fileRef = FC7B3A3B0B380F84DC58D72A /* Pods_PawgleiOS.framework */; };
		BA2786712C576AE700009FC1 /* Color.xcassets in Resources */ = {isa = PBXBuildFile; fileRef = BA2786702C576AE700009FC1 /* Color.xcassets */; };
		BA2786732C576AF600009FC1 /* Image.xcassets in Resources */ = {isa = PBXBuildFile; fileRef = BA2786722C576AF600009FC1 /* Image.xcassets */; };
		BA2786792C577F0800009FC1 /* Pretendard-Bold.otf in Resources */ = {isa = PBXBuildFile; fileRef = BA2786782C577BA300009FC1 /* Pretendard-Bold.otf */; };
		BA27867A2C577F0800009FC1 /* Pretendard-Medium.otf in Resources */ = {isa = PBXBuildFile; fileRef = BA2786752C577BA300009FC1 /* Pretendard-Medium.otf */; };
		BA27867B2C577F0800009FC1 /* Pretendard-Regular.otf in Resources */ = {isa = PBXBuildFile; fileRef = BA2786762C577BA300009FC1 /* Pretendard-Regular.otf */; };
		BA27867C2C577F0800009FC1 /* Pretendard-SemiBold.otf in Resources */ = {isa = PBXBuildFile; fileRef = BA2786772C577BA300009FC1 /* Pretendard-SemiBold.otf */; };
		BA32FB102C4CC4880065798F /* AppDelegate.swift in Sources */ = {isa = PBXBuildFile; fileRef = BA32FB0F2C4CC4880065798F /* AppDelegate.swift */; };
		BA32FB122C4CC4880065798F /* SceneDelegate.swift in Sources */ = {isa = PBXBuildFile; fileRef = BA32FB112C4CC4880065798F /* SceneDelegate.swift */; };
		BA32FB142C4CC4880065798F /* MatchingHomeViewController.swift in Sources */ = {isa = PBXBuildFile; fileRef = BA32FB132C4CC4880065798F /* MatchingHomeViewController.swift */; };
		BA32FB192C4CC4890065798F /* Assets.xcassets in Resources */ = {isa = PBXBuildFile; fileRef = BA32FB182C4CC4890065798F /* Assets.xcassets */; };
		BA32FB1C2C4CC4890065798F /* LaunchScreen.storyboard in Resources */ = {isa = PBXBuildFile; fileRef = BA32FB1A2C4CC4890065798F /* LaunchScreen.storyboard */; };
		BA8EEF4D2C60601D00FE6ABF /* BlurableProfileCollectionViewCell.swift in Sources */ = {isa = PBXBuildFile; fileRef = BA8EEF4C2C60601D00FE6ABF /* BlurableProfileCollectionViewCell.swift */; };
		BA8EEF522C608F1400FE6ABF /* BlurableImageView.swift in Sources */ = {isa = PBXBuildFile; fileRef = BA8EEF512C608F1400FE6ABF /* BlurableImageView.swift */; };
		BA8EEF562C60A13C00FE6ABF /* PetchingCollectionViewCell.swift in Sources */ = {isa = PBXBuildFile; fileRef = BA8EEF552C60A13C00FE6ABF /* PetchingCollectionViewCell.swift */; };
		BA8EEF592C60A2E000FE6ABF /* PawglePlainButton.swift in Sources */ = {isa = PBXBuildFile; fileRef = BA8EEF582C60A2E000FE6ABF /* PawglePlainButton.swift */; };
		BA8EEF5B2C60B48700FE6ABF /* PopularKeywordMatchingCollectionViewCell.swift in Sources */ = {isa = PBXBuildFile; fileRef = BA8EEF5A2C60B48700FE6ABF /* PopularKeywordMatchingCollectionViewCell.swift */; };
		BA8EEF5D2C60B5B200FE6ABF /* PersonalizedKeywordMatchingCollectionViewCell.swift in Sources */ = {isa = PBXBuildFile; fileRef = BA8EEF5C2C60B5B200FE6ABF /* PersonalizedKeywordMatchingCollectionViewCell.swift */; };
		BAAD88492C4CCADC00D2F467 /* .swiftlint.yml in Resources */ = {isa = PBXBuildFile; fileRef = BAAD88482C4CCADC00D2F467 /* .swiftlint.yml */; };
		BAAD884C2C4CCBE600D2F467 /* R.generated.swift in Sources */ = {isa = PBXBuildFile; fileRef = BAAD884B2C4CCBE600D2F467 /* R.generated.swift */; };
/* End PBXBuildFile section */

/* Begin PBXFileReference section */
		129DF20A2C50C54700F0ED34 /* ViewModelType.swift */ = {isa = PBXFileReference; lastKnownFileType = sourcecode.swift; path = ViewModelType.swift; sourceTree = "<group>"; };
		129DF20D2C50C56100F0ED34 /* RepositoryType.swift */ = {isa = PBXFileReference; lastKnownFileType = sourcecode.swift; path = RepositoryType.swift; sourceTree = "<group>"; };
		129DF20F2C50C68400F0ED34 /* ViewModelStatus.swift */ = {isa = PBXFileReference; lastKnownFileType = sourcecode.swift; path = ViewModelStatus.swift; sourceTree = "<group>"; };
		129DF2122C50CE0400F0ED34 /* BaseCoordinator.swift */ = {isa = PBXFileReference; lastKnownFileType = sourcecode.swift; path = BaseCoordinator.swift; sourceTree = "<group>"; };
		129DF2242C54FFAB00F0ED34 /* AppCoordinator.swift */ = {isa = PBXFileReference; lastKnownFileType = sourcecode.swift; path = AppCoordinator.swift; sourceTree = "<group>"; };
		129DF2262C54FFC100F0ED34 /* ReactiveCoordinator.swift */ = {isa = PBXFileReference; lastKnownFileType = sourcecode.swift; path = ReactiveCoordinator.swift; sourceTree = "<group>"; };
		129DF2282C54FFD900F0ED34 /* CoordinatorForwardable.swift */ = {isa = PBXFileReference; lastKnownFileType = sourcecode.swift; path = CoordinatorForwardable.swift; sourceTree = "<group>"; };
		129DF22A2C55008400F0ED34 /* CoordinatorTransitionType.swift */ = {isa = PBXFileReference; lastKnownFileType = sourcecode.swift; path = CoordinatorTransitionType.swift; sourceTree = "<group>"; };
		129DF22C2C5502B800F0ED34 /* CoordinatorTransitable.swift */ = {isa = PBXFileReference; lastKnownFileType = sourcecode.swift; path = CoordinatorTransitable.swift; sourceTree = "<group>"; };
		129DF2322C5510BB00F0ED34 /* SplashCoordinator.swift */ = {isa = PBXFileReference; lastKnownFileType = sourcecode.swift; path = SplashCoordinator.swift; sourceTree = "<group>"; };
		129DF2362C55115A00F0ED34 /* SplashViewController.swift */ = {isa = PBXFileReference; lastKnownFileType = sourcecode.swift; path = SplashViewController.swift; sourceTree = "<group>"; };
		129DF2392C55118700F0ED34 /* SplashViewModel.swift */ = {isa = PBXFileReference; lastKnownFileType = sourcecode.swift; path = SplashViewModel.swift; sourceTree = "<group>"; };
		129DF23C2C5511DF00F0ED34 /* AuthRepository.swift */ = {isa = PBXFileReference; lastKnownFileType = sourcecode.swift; path = AuthRepository.swift; sourceTree = "<group>"; };
		129DF23F2C5512C100F0ED34 /* AuthUsecase.swift */ = {isa = PBXFileReference; lastKnownFileType = sourcecode.swift; path = AuthUsecase.swift; sourceTree = "<group>"; };
		129DF2412C55176000F0ED34 /* ViewModelCoordinatable.swift */ = {isa = PBXFileReference; lastKnownFileType = sourcecode.swift; path = ViewModelCoordinatable.swift; sourceTree = "<group>"; };
		129DF2432C5518A100F0ED34 /* InputOutputAttachable.swift */ = {isa = PBXFileReference; lastKnownFileType = sourcecode.swift; path = InputOutputAttachable.swift; sourceTree = "<group>"; };
		129DF2482C551D7000F0ED34 /* ViewModelBindable.swift */ = {isa = PBXFileReference; lastKnownFileType = sourcecode.swift; path = ViewModelBindable.swift; sourceTree = "<group>"; };
		129DF24B2C5613B500F0ED34 /* MatchingHomeCoordinator.swift */ = {isa = PBXFileReference; lastKnownFileType = sourcecode.swift; path = MatchingHomeCoordinator.swift; sourceTree = "<group>"; };
		129DF24D2C5613DA00F0ED34 /* MatchingHomeViewModel.swift */ = {isa = PBXFileReference; lastKnownFileType = sourcecode.swift; path = MatchingHomeViewModel.swift; sourceTree = "<group>"; };
		129DF2572C57695C00F0ED34 /* UILabel+Extensions.swift */ = {isa = PBXFileReference; lastKnownFileType = sourcecode.swift; path = "UILabel+Extensions.swift"; sourceTree = "<group>"; };
		129DF25F2C58FBCD00F0ED34 /* MainTabBarController.swift */ = {isa = PBXFileReference; lastKnownFileType = sourcecode.swift; path = MainTabBarController.swift; sourceTree = "<group>"; };
		129DF2622C5A709200F0ED34 /* MainTabBarCoordinator.swift */ = {isa = PBXFileReference; lastKnownFileType = sourcecode.swift; path = MainTabBarCoordinator.swift; sourceTree = "<group>"; };
		129DF2642C5A70B700F0ED34 /* MainTabBarViewModel.swift */ = {isa = PBXFileReference; lastKnownFileType = sourcecode.swift; path = MainTabBarViewModel.swift; sourceTree = "<group>"; };
		129DF2682C5A73C900F0ED34 /* PawgleNavigationController.swift */ = {isa = PBXFileReference; lastKnownFileType = sourcecode.swift; path = PawgleNavigationController.swift; sourceTree = "<group>"; };
		129DF26A2C5A773C00F0ED34 /* FavorViewController.swift */ = {isa = PBXFileReference; lastKnownFileType = sourcecode.swift; path = FavorViewController.swift; sourceTree = "<group>"; };
		129DF26C2C5A799C00F0ED34 /* FavorCoordinator.swift */ = {isa = PBXFileReference; lastKnownFileType = sourcecode.swift; path = FavorCoordinator.swift; sourceTree = "<group>"; };
		129DF26E2C5A806B00F0ED34 /* FavorViewModel.swift */ = {isa = PBXFileReference; lastKnownFileType = sourcecode.swift; path = FavorViewModel.swift; sourceTree = "<group>"; };
		76A18A673E9C6FEDA2395C89 /* Pods-PawgleiOS.release.xcconfig */ = {isa = PBXFileReference; includeInIndex = 1; lastKnownFileType = text.xcconfig; name = "Pods-PawgleiOS.release.xcconfig"; path = "Target Support Files/Pods-PawgleiOS/Pods-PawgleiOS.release.xcconfig"; sourceTree = "<group>"; };
		AD140DDF21049CAD2358EF55 /* Pods-PawgleiOS.debug.xcconfig */ = {isa = PBXFileReference; includeInIndex = 1; lastKnownFileType = text.xcconfig; name = "Pods-PawgleiOS.debug.xcconfig"; path = "Target Support Files/Pods-PawgleiOS/Pods-PawgleiOS.debug.xcconfig"; sourceTree = "<group>"; };
		BA2786702C576AE700009FC1 /* Color.xcassets */ = {isa = PBXFileReference; lastKnownFileType = folder.assetcatalog; path = Color.xcassets; sourceTree = "<group>"; };
		BA2786722C576AF600009FC1 /* Image.xcassets */ = {isa = PBXFileReference; lastKnownFileType = folder.assetcatalog; path = Image.xcassets; sourceTree = "<group>"; };
		BA2786752C577BA300009FC1 /* Pretendard-Medium.otf */ = {isa = PBXFileReference; lastKnownFileType = file; path = "Pretendard-Medium.otf"; sourceTree = "<group>"; };
		BA2786762C577BA300009FC1 /* Pretendard-Regular.otf */ = {isa = PBXFileReference; lastKnownFileType = file; path = "Pretendard-Regular.otf"; sourceTree = "<group>"; };
		BA2786772C577BA300009FC1 /* Pretendard-SemiBold.otf */ = {isa = PBXFileReference; lastKnownFileType = file; path = "Pretendard-SemiBold.otf"; sourceTree = "<group>"; };
		BA2786782C577BA300009FC1 /* Pretendard-Bold.otf */ = {isa = PBXFileReference; lastKnownFileType = file; path = "Pretendard-Bold.otf"; sourceTree = "<group>"; };
		BA32FB0C2C4CC4880065798F /* PawgleiOS.app */ = {isa = PBXFileReference; explicitFileType = wrapper.application; includeInIndex = 0; path = PawgleiOS.app; sourceTree = BUILT_PRODUCTS_DIR; };
		BA32FB0F2C4CC4880065798F /* AppDelegate.swift */ = {isa = PBXFileReference; lastKnownFileType = sourcecode.swift; path = AppDelegate.swift; sourceTree = "<group>"; };
		BA32FB112C4CC4880065798F /* SceneDelegate.swift */ = {isa = PBXFileReference; lastKnownFileType = sourcecode.swift; path = SceneDelegate.swift; sourceTree = "<group>"; };
		BA32FB132C4CC4880065798F /* MatchingHomeViewController.swift */ = {isa = PBXFileReference; lastKnownFileType = sourcecode.swift; path = MatchingHomeViewController.swift; sourceTree = "<group>"; };
		BA32FB182C4CC4890065798F /* Assets.xcassets */ = {isa = PBXFileReference; lastKnownFileType = folder.assetcatalog; path = Assets.xcassets; sourceTree = "<group>"; };
		BA32FB1B2C4CC4890065798F /* Base */ = {isa = PBXFileReference; lastKnownFileType = file.storyboard; name = Base; path = Base.lproj/LaunchScreen.storyboard; sourceTree = "<group>"; };
		BA32FB1D2C4CC4890065798F /* Info.plist */ = {isa = PBXFileReference; lastKnownFileType = text.plist.xml; path = Info.plist; sourceTree = "<group>"; };
		BA8EEF4C2C60601D00FE6ABF /* BlurableProfileCollectionViewCell.swift */ = {isa = PBXFileReference; lastKnownFileType = sourcecode.swift; path = BlurableProfileCollectionViewCell.swift; sourceTree = "<group>"; };
		BA8EEF512C608F1400FE6ABF /* BlurableImageView.swift */ = {isa = PBXFileReference; lastKnownFileType = sourcecode.swift; path = BlurableImageView.swift; sourceTree = "<group>"; };
		BA8EEF552C60A13C00FE6ABF /* PetchingCollectionViewCell.swift */ = {isa = PBXFileReference; lastKnownFileType = sourcecode.swift; path = PetchingCollectionViewCell.swift; sourceTree = "<group>"; };
		BA8EEF582C60A2E000FE6ABF /* PawglePlainButton.swift */ = {isa = PBXFileReference; lastKnownFileType = sourcecode.swift; path = PawglePlainButton.swift; sourceTree = "<group>"; };
		BA8EEF5A2C60B48700FE6ABF /* PopularKeywordMatchingCollectionViewCell.swift */ = {isa = PBXFileReference; lastKnownFileType = sourcecode.swift; path = PopularKeywordMatchingCollectionViewCell.swift; sourceTree = "<group>"; };
		BA8EEF5C2C60B5B200FE6ABF /* PersonalizedKeywordMatchingCollectionViewCell.swift */ = {isa = PBXFileReference; lastKnownFileType = sourcecode.swift; path = PersonalizedKeywordMatchingCollectionViewCell.swift; sourceTree = "<group>"; };
		BAAD88482C4CCADC00D2F467 /* .swiftlint.yml */ = {isa = PBXFileReference; lastKnownFileType = text.yaml; path = .swiftlint.yml; sourceTree = "<group>"; };
		BAAD884B2C4CCBE600D2F467 /* R.generated.swift */ = {isa = PBXFileReference; fileEncoding = 4; lastKnownFileType = sourcecode.swift; path = R.generated.swift; sourceTree = "<group>"; };
		FC7B3A3B0B380F84DC58D72A /* Pods_PawgleiOS.framework */ = {isa = PBXFileReference; explicitFileType = wrapper.framework; includeInIndex = 0; path = Pods_PawgleiOS.framework; sourceTree = BUILT_PRODUCTS_DIR; };
/* End PBXFileReference section */

/* Begin PBXFrameworksBuildPhase section */
		BA32FB092C4CC4880065798F /* Frameworks */ = {
			isa = PBXFrameworksBuildPhase;
			buildActionMask = 2147483647;
			files = (
				1FDFAB0C95431EDF89416E89 /* Pods_PawgleiOS.framework in Frameworks */,
			);
			runOnlyForDeploymentPostprocessing = 0;
		};
/* End PBXFrameworksBuildPhase section */

/* Begin PBXGroup section */
		129DF2092C50C53E00F0ED34 /* ViewModel */ = {
			isa = PBXGroup;
			children = (
				129DF2382C55117900F0ED34 /* Base+Protocol */,
				129DF2392C55118700F0ED34 /* SplashViewModel.swift */,
				129DF24D2C5613DA00F0ED34 /* MatchingHomeViewModel.swift */,
				129DF2642C5A70B700F0ED34 /* MainTabBarViewModel.swift */,
				129DF26E2C5A806B00F0ED34 /* FavorViewModel.swift */,
			);
			path = ViewModel;
			sourceTree = "<group>";
		};
		129DF20C2C50C55800F0ED34 /* Repository */ = {
			isa = PBXGroup;
			children = (
				129DF23B2C5511CD00F0ED34 /* Base+Protocol */,
				129DF23C2C5511DF00F0ED34 /* AuthRepository.swift */,
			);
			path = Repository;
			sourceTree = "<group>";
		};
		129DF2112C50CDF200F0ED34 /* Coordinator */ = {
			isa = PBXGroup;
			children = (
				129DF2302C5510A600F0ED34 /* Base+Protocol */,
				129DF2322C5510BB00F0ED34 /* SplashCoordinator.swift */,
				129DF24B2C5613B500F0ED34 /* MatchingHomeCoordinator.swift */,
				129DF2622C5A709200F0ED34 /* MainTabBarCoordinator.swift */,
				129DF26C2C5A799C00F0ED34 /* FavorCoordinator.swift */,
			);
			path = Coordinator;
			sourceTree = "<group>";
		};
		129DF2302C5510A600F0ED34 /* Base+Protocol */ = {
			isa = PBXGroup;
			children = (
				129DF2122C50CE0400F0ED34 /* BaseCoordinator.swift */,
				129DF2242C54FFAB00F0ED34 /* AppCoordinator.swift */,
				129DF2262C54FFC100F0ED34 /* ReactiveCoordinator.swift */,
				129DF2282C54FFD900F0ED34 /* CoordinatorForwardable.swift */,
				129DF22A2C55008400F0ED34 /* CoordinatorTransitionType.swift */,
				129DF22C2C5502B800F0ED34 /* CoordinatorTransitable.swift */,
			);
			path = "Base+Protocol";
			sourceTree = "<group>";
		};
		129DF2352C55114A00F0ED34 /* ViewController */ = {
			isa = PBXGroup;
			children = (
				129DF2472C551D6800F0ED34 /* Base+Protocol */,
				129DF2362C55115A00F0ED34 /* SplashViewController.swift */,
				BA32FB132C4CC4880065798F /* MatchingHomeViewController.swift */,
				129DF26A2C5A773C00F0ED34 /* FavorViewController.swift */,
			);
			path = ViewController;
			sourceTree = "<group>";
		};
		129DF2382C55117900F0ED34 /* Base+Protocol */ = {
			isa = PBXGroup;
			children = (
				129DF20A2C50C54700F0ED34 /* ViewModelType.swift */,
				129DF20F2C50C68400F0ED34 /* ViewModelStatus.swift */,
				129DF2412C55176000F0ED34 /* ViewModelCoordinatable.swift */,
				129DF2432C5518A100F0ED34 /* InputOutputAttachable.swift */,
			);
			path = "Base+Protocol";
			sourceTree = "<group>";
		};
		129DF23B2C5511CD00F0ED34 /* Base+Protocol */ = {
			isa = PBXGroup;
			children = (
				129DF20D2C50C56100F0ED34 /* RepositoryType.swift */,
			);
			path = "Base+Protocol";
			sourceTree = "<group>";
		};
		129DF23E2C5512B800F0ED34 /* Domain */ = {
			isa = PBXGroup;
			children = (
				129DF23F2C5512C100F0ED34 /* AuthUsecase.swift */,
			);
			path = Domain;
			sourceTree = "<group>";
		};
		129DF2472C551D6800F0ED34 /* Base+Protocol */ = {
			isa = PBXGroup;
			children = (
				129DF2482C551D7000F0ED34 /* ViewModelBindable.swift */,
				129DF25F2C58FBCD00F0ED34 /* MainTabBarController.swift */,
			);
			path = "Base+Protocol";
			sourceTree = "<group>";
		};
		129DF2542C5767A100F0ED34 /* Extensions */ = {
			isa = PBXGroup;
			children = (
				129DF2572C57695C00F0ED34 /* UILabel+Extensions.swift */,
			);
			path = Extensions;
			sourceTree = "<group>";
		};
		129DF2662C5A73B100F0ED34 /* Component */ = {
			isa = PBXGroup;
			children = (
				BA8EEF572C60A2B900FE6ABF /* Button */,
				BA8EEF502C608F0400FE6ABF /* View */,
				129DF2672C5A73BC00F0ED34 /* Controller */,
			);
			path = Component;
			sourceTree = "<group>";
		};
		129DF2672C5A73BC00F0ED34 /* Controller */ = {
			isa = PBXGroup;
			children = (
				129DF2682C5A73C900F0ED34 /* PawgleNavigationController.swift */,
			);
			path = Controller;
			sourceTree = "<group>";
		};
		372FB151A55AED498D5D5753 /* Pods */ = {
			isa = PBXGroup;
			children = (
				AD140DDF21049CAD2358EF55 /* Pods-PawgleiOS.debug.xcconfig */,
				76A18A673E9C6FEDA2395C89 /* Pods-PawgleiOS.release.xcconfig */,
			);
			path = Pods;
			sourceTree = "<group>";
		};
		BA27866F2C576AC700009FC1 /* Resources */ = {
			isa = PBXGroup;
			children = (
				BA2786742C577B3000009FC1 /* Fonts */,
				BA32FB182C4CC4890065798F /* Assets.xcassets */,
				BA2786702C576AE700009FC1 /* Color.xcassets */,
				BA2786722C576AF600009FC1 /* Image.xcassets */,
			);
			path = Resources;
			sourceTree = "<group>";
		};
		BA2786742C577B3000009FC1 /* Fonts */ = {
			isa = PBXGroup;
			children = (
				BA2786782C577BA300009FC1 /* Pretendard-Bold.otf */,
				BA2786752C577BA300009FC1 /* Pretendard-Medium.otf */,
				BA2786762C577BA300009FC1 /* Pretendard-Regular.otf */,
				BA2786772C577BA300009FC1 /* Pretendard-SemiBold.otf */,
			);
			path = Fonts;
			sourceTree = "<group>";
		};
		BA32FB032C4CC4880065798F = {
			isa = PBXGroup;
			children = (
				BAAD884B2C4CCBE600D2F467 /* R.generated.swift */,
				BAAD88482C4CCADC00D2F467 /* .swiftlint.yml */,
				BA32FB0E2C4CC4880065798F /* PawgleiOS */,
				BA32FB0D2C4CC4880065798F /* Products */,
				372FB151A55AED498D5D5753 /* Pods */,
				E088141C11B40A7086BEFA2A /* Frameworks */,
			);
			sourceTree = "<group>";
		};
		BA32FB0D2C4CC4880065798F /* Products */ = {
			isa = PBXGroup;
			children = (
				BA32FB0C2C4CC4880065798F /* PawgleiOS.app */,
			);
			name = Products;
			sourceTree = "<group>";
		};
		BA32FB0E2C4CC4880065798F /* PawgleiOS */ = {
			isa = PBXGroup;
			children = (
				129DF2662C5A73B100F0ED34 /* Component */,
				129DF2542C5767A100F0ED34 /* Extensions */,
				129DF23E2C5512B800F0ED34 /* Domain */,
				129DF20C2C50C55800F0ED34 /* Repository */,
				129DF2112C50CDF200F0ED34 /* Coordinator */,
				BA8EEF4A2C605E3300FE6ABF /* View */,
				129DF2092C50C53E00F0ED34 /* ViewModel */,
				129DF2352C55114A00F0ED34 /* ViewController */,
				BA27866F2C576AC700009FC1 /* Resources */,
				BA32FB0F2C4CC4880065798F /* AppDelegate.swift */,
				BA32FB112C4CC4880065798F /* SceneDelegate.swift */,
				BA32FB1A2C4CC4890065798F /* LaunchScreen.storyboard */,
				BA32FB1D2C4CC4890065798F /* Info.plist */,
			);
			path = PawgleiOS;
			sourceTree = "<group>";
		};
		BA8EEF4A2C605E3300FE6ABF /* View */ = {
			isa = PBXGroup;
			children = (
				BA8EEF4B2C605E4A00FE6ABF /* Home */,
			);
			path = View;
			sourceTree = "<group>";
		};
		BA8EEF4B2C605E4A00FE6ABF /* Home */ = {
			isa = PBXGroup;
			children = (
				BA8EEF4C2C60601D00FE6ABF /* BlurableProfileCollectionViewCell.swift */,
				BA8EEF552C60A13C00FE6ABF /* PetchingCollectionViewCell.swift */,
				BA8EEF5A2C60B48700FE6ABF /* PopularKeywordMatchingCollectionViewCell.swift */,
				BA8EEF5C2C60B5B200FE6ABF /* PersonalizedKeywordMatchingCollectionViewCell.swift */,
			);
			path = Home;
			sourceTree = "<group>";
		};
		BA8EEF502C608F0400FE6ABF /* View */ = {
			isa = PBXGroup;
			children = (
				BA8EEF512C608F1400FE6ABF /* BlurableImageView.swift */,
			);
			path = View;
			sourceTree = "<group>";
		};
		BA8EEF572C60A2B900FE6ABF /* Button */ = {
			isa = PBXGroup;
			children = (
				BA8EEF582C60A2E000FE6ABF /* PawglePlainButton.swift */,
			);
			path = Button;
			sourceTree = "<group>";
		};
		E088141C11B40A7086BEFA2A /* Frameworks */ = {
			isa = PBXGroup;
			children = (
				FC7B3A3B0B380F84DC58D72A /* Pods_PawgleiOS.framework */,
			);
			name = Frameworks;
			sourceTree = "<group>";
		};
/* End PBXGroup section */

/* Begin PBXNativeTarget section */
		BA32FB0B2C4CC4880065798F /* PawgleiOS */ = {
			isa = PBXNativeTarget;
			buildConfigurationList = BA32FB202C4CC4890065798F /* Build configuration list for PBXNativeTarget "PawgleiOS" */;
			buildPhases = (
				A4EA469BBA3D1E2A89CD30FC /* [CP] Check Pods Manifest.lock */,
				BAAD884A2C4CCB1F00D2F467 /* R.swift */,
				BA32FB232C4CC9570065798F /* SwiftLint */,
				BA32FB082C4CC4880065798F /* Sources */,
				BA32FB092C4CC4880065798F /* Frameworks */,
				BA32FB0A2C4CC4880065798F /* Resources */,
				63676821B3E90386426C0C89 /* [CP] Embed Pods Frameworks */,
			);
			buildRules = (
			);
			dependencies = (
			);
			name = PawgleiOS;
			productName = PawgleiOS;
			productReference = BA32FB0C2C4CC4880065798F /* PawgleiOS.app */;
			productType = "com.apple.product-type.application";
		};
/* End PBXNativeTarget section */

/* Begin PBXProject section */
		BA32FB042C4CC4880065798F /* Project object */ = {
			isa = PBXProject;
			attributes = {
				BuildIndependentTargetsInParallel = 1;
				LastSwiftUpdateCheck = 1520;
				LastUpgradeCheck = 1520;
				TargetAttributes = {
					BA32FB0B2C4CC4880065798F = {
						CreatedOnToolsVersion = 15.2;
					};
				};
			};
			buildConfigurationList = BA32FB072C4CC4880065798F /* Build configuration list for PBXProject "PawgleiOS" */;
			compatibilityVersion = "Xcode 14.0";
			developmentRegion = en;
			hasScannedForEncodings = 0;
			knownRegions = (
				en,
				Base,
			);
			mainGroup = BA32FB032C4CC4880065798F;
			productRefGroup = BA32FB0D2C4CC4880065798F /* Products */;
			projectDirPath = "";
			projectRoot = "";
			targets = (
				BA32FB0B2C4CC4880065798F /* PawgleiOS */,
			);
		};
/* End PBXProject section */

/* Begin PBXResourcesBuildPhase section */
		BA32FB0A2C4CC4880065798F /* Resources */ = {
			isa = PBXResourcesBuildPhase;
			buildActionMask = 2147483647;
			files = (
				BA2786792C577F0800009FC1 /* Pretendard-Bold.otf in Resources */,
				BA27867A2C577F0800009FC1 /* Pretendard-Medium.otf in Resources */,
				BA27867B2C577F0800009FC1 /* Pretendard-Regular.otf in Resources */,
				BA27867C2C577F0800009FC1 /* Pretendard-SemiBold.otf in Resources */,
				BAAD88492C4CCADC00D2F467 /* .swiftlint.yml in Resources */,
				BA2786712C576AE700009FC1 /* Color.xcassets in Resources */,
				BA2786732C576AF600009FC1 /* Image.xcassets in Resources */,
				BA32FB1C2C4CC4890065798F /* LaunchScreen.storyboard in Resources */,
				BA32FB192C4CC4890065798F /* Assets.xcassets in Resources */,
			);
			runOnlyForDeploymentPostprocessing = 0;
		};
/* End PBXResourcesBuildPhase section */

/* Begin PBXShellScriptBuildPhase section */
		63676821B3E90386426C0C89 /* [CP] Embed Pods Frameworks */ = {
			isa = PBXShellScriptBuildPhase;
			buildActionMask = 2147483647;
			files = (
			);
			inputFileListPaths = (
				"${PODS_ROOT}/Target Support Files/Pods-PawgleiOS/Pods-PawgleiOS-frameworks-${CONFIGURATION}-input-files.xcfilelist",
			);
			name = "[CP] Embed Pods Frameworks";
			outputFileListPaths = (
				"${PODS_ROOT}/Target Support Files/Pods-PawgleiOS/Pods-PawgleiOS-frameworks-${CONFIGURATION}-output-files.xcfilelist",
			);
			runOnlyForDeploymentPostprocessing = 0;
			shellPath = /bin/sh;
			shellScript = "\"${PODS_ROOT}/Target Support Files/Pods-PawgleiOS/Pods-PawgleiOS-frameworks.sh\"\n";
			showEnvVarsInLog = 0;
		};
		A4EA469BBA3D1E2A89CD30FC /* [CP] Check Pods Manifest.lock */ = {
			isa = PBXShellScriptBuildPhase;
			buildActionMask = 2147483647;
			files = (
			);
			inputFileListPaths = (
			);
			inputPaths = (
				"${PODS_PODFILE_DIR_PATH}/Podfile.lock",
				"${PODS_ROOT}/Manifest.lock",
			);
			name = "[CP] Check Pods Manifest.lock";
			outputFileListPaths = (
			);
			outputPaths = (
				"$(DERIVED_FILE_DIR)/Pods-PawgleiOS-checkManifestLockResult.txt",
			);
			runOnlyForDeploymentPostprocessing = 0;
			shellPath = /bin/sh;
			shellScript = "diff \"${PODS_PODFILE_DIR_PATH}/Podfile.lock\" \"${PODS_ROOT}/Manifest.lock\" > /dev/null\nif [ $? != 0 ] ; then\n    # print error to STDERR\n    echo \"error: The sandbox is not in sync with the Podfile.lock. Run 'pod install' or update your CocoaPods installation.\" >&2\n    exit 1\nfi\n# This output is used by Xcode 'outputs' to avoid re-running this script phase.\necho \"SUCCESS\" > \"${SCRIPT_OUTPUT_FILE_0}\"\n";
			showEnvVarsInLog = 0;
		};
		BA32FB232C4CC9570065798F /* SwiftLint */ = {
			isa = PBXShellScriptBuildPhase;
			alwaysOutOfDate = 1;
			buildActionMask = 2147483647;
			files = (
			);
			inputFileListPaths = (
			);
			inputPaths = (
			);
			name = SwiftLint;
			outputFileListPaths = (
			);
			outputPaths = (
			);
			runOnlyForDeploymentPostprocessing = 0;
			shellPath = /bin/sh;
			shellScript = "\"${PODS_ROOT}/SwiftLint/swiftlint\"\n";
		};
		BAAD884A2C4CCB1F00D2F467 /* R.swift */ = {
			isa = PBXShellScriptBuildPhase;
			alwaysOutOfDate = 1;
			buildActionMask = 2147483647;
			files = (
			);
			inputFileListPaths = (
			);
			inputPaths = (
				"$TEMP_DIR/rswift-lastrun",
			);
			name = R.swift;
			outputFileListPaths = (
			);
			outputPaths = (
				$SRCROOT/R.generated.swift,
			);
			runOnlyForDeploymentPostprocessing = 0;
			shellPath = /bin/sh;
			shellScript = "\"$PODS_ROOT/R.swift/rswift\" generate \"$SRCROOT/R.generated.swift\"\n";
		};
/* End PBXShellScriptBuildPhase section */

/* Begin PBXSourcesBuildPhase section */
		BA32FB082C4CC4880065798F /* Sources */ = {
			isa = PBXSourcesBuildPhase;
			buildActionMask = 2147483647;
			files = (
				129DF2602C58FBCD00F0ED34 /* MainTabBarController.swift in Sources */,
				129DF2292C54FFD900F0ED34 /* CoordinatorForwardable.swift in Sources */,
				BA32FB142C4CC4880065798F /* MatchingHomeViewController.swift in Sources */,
				BA8EEF522C608F1400FE6ABF /* BlurableImageView.swift in Sources */,
				129DF2272C54FFC100F0ED34 /* ReactiveCoordinator.swift in Sources */,
				129DF2492C551D7000F0ED34 /* ViewModelBindable.swift in Sources */,
				129DF22B2C55008400F0ED34 /* CoordinatorTransitionType.swift in Sources */,
				BA8EEF562C60A13C00FE6ABF /* PetchingCollectionViewCell.swift in Sources */,
				129DF24E2C5613DA00F0ED34 /* MatchingHomeViewModel.swift in Sources */,
				129DF2442C5518A100F0ED34 /* InputOutputAttachable.swift in Sources */,
				129DF2652C5A70B700F0ED34 /* MainTabBarViewModel.swift in Sources */,
				BA8EEF4D2C60601D00FE6ABF /* BlurableProfileCollectionViewCell.swift in Sources */,
				BA32FB102C4CC4880065798F /* AppDelegate.swift in Sources */,
				129DF2422C55176000F0ED34 /* ViewModelCoordinatable.swift in Sources */,
				BA32FB122C4CC4880065798F /* SceneDelegate.swift in Sources */,
				129DF20E2C50C56100F0ED34 /* RepositoryType.swift in Sources */,
				129DF2632C5A709200F0ED34 /* MainTabBarCoordinator.swift in Sources */,
				129DF26D2C5A799C00F0ED34 /* FavorCoordinator.swift in Sources */,
				129DF26B2C5A773C00F0ED34 /* FavorViewController.swift in Sources */,
				129DF2402C5512C100F0ED34 /* AuthUsecase.swift in Sources */,
				129DF23A2C55118700F0ED34 /* SplashViewModel.swift in Sources */,
				129DF2102C50C68400F0ED34 /* ViewModelStatus.swift in Sources */,
				129DF2582C57695C00F0ED34 /* UILabel+Extensions.swift in Sources */,
				129DF20B2C50C54700F0ED34 /* ViewModelType.swift in Sources */,
				129DF2372C55115A00F0ED34 /* SplashViewController.swift in Sources */,
				129DF2252C54FFAB00F0ED34 /* AppCoordinator.swift in Sources */,
				BA8EEF5D2C60B5B200FE6ABF /* PersonalizedKeywordMatchingCollectionViewCell.swift in Sources */,
				BAAD884C2C4CCBE600D2F467 /* R.generated.swift in Sources */,
				BA8EEF5B2C60B48700FE6ABF /* PopularKeywordMatchingCollectionViewCell.swift in Sources */,
				129DF2332C5510BB00F0ED34 /* SplashCoordinator.swift in Sources */,
				129DF22D2C5502B800F0ED34 /* CoordinatorTransitable.swift in Sources */,
				129DF23D2C5511DF00F0ED34 /* AuthRepository.swift in Sources */,
				129DF2132C50CE0400F0ED34 /* BaseCoordinator.swift in Sources */,
				129DF26F2C5A806B00F0ED34 /* FavorViewModel.swift in Sources */,
				129DF2692C5A73C900F0ED34 /* PawgleNavigationController.swift in Sources */,
				BA8EEF592C60A2E000FE6ABF /* PawglePlainButton.swift in Sources */,
				129DF24C2C5613B500F0ED34 /* MatchingHomeCoordinator.swift in Sources */,
			);
			runOnlyForDeploymentPostprocessing = 0;
		};
/* End PBXSourcesBuildPhase section */

/* Begin PBXVariantGroup section */
		BA32FB1A2C4CC4890065798F /* LaunchScreen.storyboard */ = {
			isa = PBXVariantGroup;
			children = (
				BA32FB1B2C4CC4890065798F /* Base */,
			);
			name = LaunchScreen.storyboard;
			sourceTree = "<group>";
		};
/* End PBXVariantGroup section */

/* Begin XCBuildConfiguration section */
		BA32FB1E2C4CC4890065798F /* Debug */ = {
			isa = XCBuildConfiguration;
			buildSettings = {
				ALWAYS_SEARCH_USER_PATHS = NO;
				ASSETCATALOG_COMPILER_GENERATE_SWIFT_ASSET_SYMBOL_EXTENSIONS = YES;
				CLANG_ANALYZER_NONNULL = YES;
				CLANG_ANALYZER_NUMBER_OBJECT_CONVERSION = YES_AGGRESSIVE;
				CLANG_CXX_LANGUAGE_STANDARD = "gnu++20";
				CLANG_ENABLE_MODULES = YES;
				CLANG_ENABLE_OBJC_ARC = YES;
				CLANG_ENABLE_OBJC_WEAK = YES;
				CLANG_WARN_BLOCK_CAPTURE_AUTORELEASING = YES;
				CLANG_WARN_BOOL_CONVERSION = YES;
				CLANG_WARN_COMMA = YES;
				CLANG_WARN_CONSTANT_CONVERSION = YES;
				CLANG_WARN_DEPRECATED_OBJC_IMPLEMENTATIONS = YES;
				CLANG_WARN_DIRECT_OBJC_ISA_USAGE = YES_ERROR;
				CLANG_WARN_DOCUMENTATION_COMMENTS = YES;
				CLANG_WARN_EMPTY_BODY = YES;
				CLANG_WARN_ENUM_CONVERSION = YES;
				CLANG_WARN_INFINITE_RECURSION = YES;
				CLANG_WARN_INT_CONVERSION = YES;
				CLANG_WARN_NON_LITERAL_NULL_CONVERSION = YES;
				CLANG_WARN_OBJC_IMPLICIT_RETAIN_SELF = YES;
				CLANG_WARN_OBJC_LITERAL_CONVERSION = YES;
				CLANG_WARN_OBJC_ROOT_CLASS = YES_ERROR;
				CLANG_WARN_QUOTED_INCLUDE_IN_FRAMEWORK_HEADER = YES;
				CLANG_WARN_RANGE_LOOP_ANALYSIS = YES;
				CLANG_WARN_STRICT_PROTOTYPES = YES;
				CLANG_WARN_SUSPICIOUS_MOVE = YES;
				CLANG_WARN_UNGUARDED_AVAILABILITY = YES_AGGRESSIVE;
				CLANG_WARN_UNREACHABLE_CODE = YES;
				CLANG_WARN__DUPLICATE_METHOD_MATCH = YES;
				COPY_PHASE_STRIP = NO;
				DEBUG_INFORMATION_FORMAT = dwarf;
				ENABLE_STRICT_OBJC_MSGSEND = YES;
				ENABLE_TESTABILITY = YES;
				ENABLE_USER_SCRIPT_SANDBOXING = NO;
				GCC_C_LANGUAGE_STANDARD = gnu17;
				GCC_DYNAMIC_NO_PIC = NO;
				GCC_NO_COMMON_BLOCKS = YES;
				GCC_OPTIMIZATION_LEVEL = 0;
				GCC_PREPROCESSOR_DEFINITIONS = (
					"DEBUG=1",
					"$(inherited)",
				);
				GCC_WARN_64_TO_32_BIT_CONVERSION = YES;
				GCC_WARN_ABOUT_RETURN_TYPE = YES_ERROR;
				GCC_WARN_UNDECLARED_SELECTOR = YES;
				GCC_WARN_UNINITIALIZED_AUTOS = YES_AGGRESSIVE;
				GCC_WARN_UNUSED_FUNCTION = YES;
				GCC_WARN_UNUSED_VARIABLE = YES;
				IPHONEOS_DEPLOYMENT_TARGET = 14.0;
				LOCALIZATION_PREFERS_STRING_CATALOGS = YES;
				MTL_ENABLE_DEBUG_INFO = INCLUDE_SOURCE;
				MTL_FAST_MATH = YES;
				ONLY_ACTIVE_ARCH = YES;
				SDKROOT = iphoneos;
				SWIFT_ACTIVE_COMPILATION_CONDITIONS = "DEBUG $(inherited)";
				SWIFT_OPTIMIZATION_LEVEL = "-Onone";
			};
			name = Debug;
		};
		BA32FB1F2C4CC4890065798F /* Release */ = {
			isa = XCBuildConfiguration;
			buildSettings = {
				ALWAYS_SEARCH_USER_PATHS = NO;
				ASSETCATALOG_COMPILER_GENERATE_SWIFT_ASSET_SYMBOL_EXTENSIONS = YES;
				CLANG_ANALYZER_NONNULL = YES;
				CLANG_ANALYZER_NUMBER_OBJECT_CONVERSION = YES_AGGRESSIVE;
				CLANG_CXX_LANGUAGE_STANDARD = "gnu++20";
				CLANG_ENABLE_MODULES = YES;
				CLANG_ENABLE_OBJC_ARC = YES;
				CLANG_ENABLE_OBJC_WEAK = YES;
				CLANG_WARN_BLOCK_CAPTURE_AUTORELEASING = YES;
				CLANG_WARN_BOOL_CONVERSION = YES;
				CLANG_WARN_COMMA = YES;
				CLANG_WARN_CONSTANT_CONVERSION = YES;
				CLANG_WARN_DEPRECATED_OBJC_IMPLEMENTATIONS = YES;
				CLANG_WARN_DIRECT_OBJC_ISA_USAGE = YES_ERROR;
				CLANG_WARN_DOCUMENTATION_COMMENTS = YES;
				CLANG_WARN_EMPTY_BODY = YES;
				CLANG_WARN_ENUM_CONVERSION = YES;
				CLANG_WARN_INFINITE_RECURSION = YES;
				CLANG_WARN_INT_CONVERSION = YES;
				CLANG_WARN_NON_LITERAL_NULL_CONVERSION = YES;
				CLANG_WARN_OBJC_IMPLICIT_RETAIN_SELF = YES;
				CLANG_WARN_OBJC_LITERAL_CONVERSION = YES;
				CLANG_WARN_OBJC_ROOT_CLASS = YES_ERROR;
				CLANG_WARN_QUOTED_INCLUDE_IN_FRAMEWORK_HEADER = YES;
				CLANG_WARN_RANGE_LOOP_ANALYSIS = YES;
				CLANG_WARN_STRICT_PROTOTYPES = YES;
				CLANG_WARN_SUSPICIOUS_MOVE = YES;
				CLANG_WARN_UNGUARDED_AVAILABILITY = YES_AGGRESSIVE;
				CLANG_WARN_UNREACHABLE_CODE = YES;
				CLANG_WARN__DUPLICATE_METHOD_MATCH = YES;
				COPY_PHASE_STRIP = NO;
				DEBUG_INFORMATION_FORMAT = "dwarf-with-dsym";
				ENABLE_NS_ASSERTIONS = NO;
				ENABLE_STRICT_OBJC_MSGSEND = YES;
				ENABLE_USER_SCRIPT_SANDBOXING = NO;
				GCC_C_LANGUAGE_STANDARD = gnu17;
				GCC_NO_COMMON_BLOCKS = YES;
				GCC_WARN_64_TO_32_BIT_CONVERSION = YES;
				GCC_WARN_ABOUT_RETURN_TYPE = YES_ERROR;
				GCC_WARN_UNDECLARED_SELECTOR = YES;
				GCC_WARN_UNINITIALIZED_AUTOS = YES_AGGRESSIVE;
				GCC_WARN_UNUSED_FUNCTION = YES;
				GCC_WARN_UNUSED_VARIABLE = YES;
				IPHONEOS_DEPLOYMENT_TARGET = 14.0;
				LOCALIZATION_PREFERS_STRING_CATALOGS = YES;
				MTL_ENABLE_DEBUG_INFO = NO;
				MTL_FAST_MATH = YES;
				SDKROOT = iphoneos;
				SWIFT_COMPILATION_MODE = wholemodule;
				VALIDATE_PRODUCT = YES;
			};
			name = Release;
		};
		BA32FB212C4CC4890065798F /* Debug */ = {
			isa = XCBuildConfiguration;
			baseConfigurationReference = AD140DDF21049CAD2358EF55 /* Pods-PawgleiOS.debug.xcconfig */;
			buildSettings = {
				ASSETCATALOG_COMPILER_APPICON_NAME = AppIcon;
				ASSETCATALOG_COMPILER_GLOBAL_ACCENT_COLOR_NAME = AccentColor;
				"CODE_SIGN_IDENTITY[sdk=iphoneos*]" = "iPhone Developer";
				CODE_SIGN_STYLE = Manual;
				CURRENT_PROJECT_VERSION = 1;
				DEVELOPMENT_TEAM = "";
				"DEVELOPMENT_TEAM[sdk=iphoneos*]" = ARSZYU7AJ8;
				GENERATE_INFOPLIST_FILE = YES;
				INFOPLIST_FILE = PawgleiOS/Info.plist;
				INFOPLIST_KEY_UIApplicationSupportsIndirectInputEvents = YES;
				INFOPLIST_KEY_UILaunchStoryboardName = LaunchScreen;
				INFOPLIST_KEY_UISupportedInterfaceOrientations_iPad = "UIInterfaceOrientationPortrait UIInterfaceOrientationPortraitUpsideDown UIInterfaceOrientationLandscapeLeft UIInterfaceOrientationLandscapeRight";
				INFOPLIST_KEY_UISupportedInterfaceOrientations_iPhone = "UIInterfaceOrientationPortrait UIInterfaceOrientationLandscapeLeft UIInterfaceOrientationLandscapeRight";
				IPHONEOS_DEPLOYMENT_TARGET = 14.0;
				LD_RUNPATH_SEARCH_PATHS = (
					"$(inherited)",
					"@executable_path/Frameworks",
				);
				MARKETING_VERSION = 1.0;
				PRODUCT_BUNDLE_IDENTIFIER = com.pawgle.PawgleiOS;
				PRODUCT_NAME = "$(TARGET_NAME)";
				PROVISIONING_PROFILE_SPECIFIER = "";
				"PROVISIONING_PROFILE_SPECIFIER[sdk=iphoneos*]" = PawgleProfile;
				SUPPORTED_PLATFORMS = "iphoneos iphonesimulator";
				SUPPORTS_MACCATALYST = NO;
				SUPPORTS_MAC_DESIGNED_FOR_IPHONE_IPAD = NO;
				SUPPORTS_XR_DESIGNED_FOR_IPHONE_IPAD = NO;
				SWIFT_EMIT_LOC_STRINGS = YES;
				SWIFT_VERSION = 5.0;
				TARGETED_DEVICE_FAMILY = 1;
			};
			name = Debug;
		};
		BA32FB222C4CC4890065798F /* Release */ = {
			isa = XCBuildConfiguration;
			baseConfigurationReference = 76A18A673E9C6FEDA2395C89 /* Pods-PawgleiOS.release.xcconfig */;
			buildSettings = {
				ASSETCATALOG_COMPILER_APPICON_NAME = AppIcon;
				ASSETCATALOG_COMPILER_GLOBAL_ACCENT_COLOR_NAME = AccentColor;
				"CODE_SIGN_IDENTITY[sdk=iphoneos*]" = "iPhone Developer";
				CODE_SIGN_STYLE = Manual;
				CURRENT_PROJECT_VERSION = 1;
				DEVELOPMENT_TEAM = "";
				"DEVELOPMENT_TEAM[sdk=iphoneos*]" = ARSZYU7AJ8;
				GENERATE_INFOPLIST_FILE = YES;
				INFOPLIST_FILE = PawgleiOS/Info.plist;
				INFOPLIST_KEY_UIApplicationSupportsIndirectInputEvents = YES;
				INFOPLIST_KEY_UILaunchStoryboardName = LaunchScreen;
				INFOPLIST_KEY_UISupportedInterfaceOrientations_iPad = "UIInterfaceOrientationPortrait UIInterfaceOrientationPortraitUpsideDown UIInterfaceOrientationLandscapeLeft UIInterfaceOrientationLandscapeRight";
				INFOPLIST_KEY_UISupportedInterfaceOrientations_iPhone = "UIInterfaceOrientationPortrait UIInterfaceOrientationLandscapeLeft UIInterfaceOrientationLandscapeRight";
				IPHONEOS_DEPLOYMENT_TARGET = 14.0;
				LD_RUNPATH_SEARCH_PATHS = (
					"$(inherited)",
					"@executable_path/Frameworks",
				);
				MARKETING_VERSION = 1.0;
				PRODUCT_BUNDLE_IDENTIFIER = com.pawgle.PawgleiOS;
				PRODUCT_NAME = "$(TARGET_NAME)";
				PROVISIONING_PROFILE_SPECIFIER = "";
				"PROVISIONING_PROFILE_SPECIFIER[sdk=iphoneos*]" = PawgleProfile;
				SUPPORTED_PLATFORMS = "iphoneos iphonesimulator";
				SUPPORTS_MACCATALYST = NO;
				SUPPORTS_MAC_DESIGNED_FOR_IPHONE_IPAD = NO;
				SUPPORTS_XR_DESIGNED_FOR_IPHONE_IPAD = NO;
				SWIFT_EMIT_LOC_STRINGS = YES;
				SWIFT_VERSION = 5.0;
				TARGETED_DEVICE_FAMILY = 1;
			};
			name = Release;
		};
/* End XCBuildConfiguration section */

/* Begin XCConfigurationList section */
		BA32FB072C4CC4880065798F /* Build configuration list for PBXProject "PawgleiOS" */ = {
			isa = XCConfigurationList;
			buildConfigurations = (
				BA32FB1E2C4CC4890065798F /* Debug */,
				BA32FB1F2C4CC4890065798F /* Release */,
			);
			defaultConfigurationIsVisible = 0;
			defaultConfigurationName = Release;
		};
		BA32FB202C4CC4890065798F /* Build configuration list for PBXNativeTarget "PawgleiOS" */ = {
			isa = XCConfigurationList;
			buildConfigurations = (
				BA32FB212C4CC4890065798F /* Debug */,
				BA32FB222C4CC4890065798F /* Release */,
			);
			defaultConfigurationIsVisible = 0;
			defaultConfigurationName = Release;
		};
/* End XCConfigurationList section */
	};
	rootObject = BA32FB042C4CC4880065798F /* Project object */;
}
